
Microsoft Visual Studio Solution File, Format Version 12.00
# Visual Studio Version 17
VisualStudioVersion = 17.13.35919.96 d17.13
MinimumVisualStudioVersion = 10.0.40219.1
Project("{FAE04EC0-301F-11D3-BF4B-00C04F79EFBC}") = "Descarga de un archivo", "Descarga de un archivo.csproj", "{82225A43-ECCD-4E7D-8FAB-64ABC90A26A2}"
EndProject
Global
	GlobalSection(SolutionConfigurationPlatforms) = preSolution
		Debug|Any CPU = Debug|Any CPU
		Release|Any CPU = Release|Any CPU
	EndGlobalSection
	GlobalSection(ProjectConfigurationPlatforms) = postSolution
		{82225A43-ECCD-4E7D-8FAB-64ABC90A26A2}.Debug|Any CPU.ActiveCfg = Debug|Any CPU
		{82225A43-ECCD-4E7D-8FAB-64ABC90A26A2}.Debug|Any CPU.Build.0 = Debug|Any CPU
		{82225A43-ECCD-4E7D-8FAB-64ABC90A26A2}.Release|Any CPU.ActiveCfg = Release|Any CPU
		{82225A43-ECCD-4E7D-8FAB-64ABC90A26A2}.Release|Any CPU.Build.0 = Release|Any CPU
	EndGlobalSection
	GlobalSection(SolutionProperties) = preSolution
		HideSolutionNode = FALSE
	EndGlobalSection
	GlobalSection(ExtensibilityGlobals) = postSolution
		SolutionGuid = {07A2A00A-EC73-4132-A9A9-855425D39D16}
	EndGlobalSection
EndGlobal
